
Microsoft Visual Studio Solution File, Format Version 12.00
# Visual Studio Version 16
VisualStudioVersion = 16.0.29230.47
MinimumVisualStudioVersion = 10.0.40219.1
Project("{FAE04EC0-301F-11D3-BF4B-00C04F79EFBC}") = "NDF", "NextDateFunction\NDF.csproj", "{58A10D53-809B-4CB7-B3F6-DD1C512255C1}"
EndProject
Global
	GlobalSection(SolutionConfigurationPlatforms) = preSolution
		Debug|Any CPU = Debug|Any CPU
		Release|Any CPU = Release|Any CPU
	EndGlobalSection
	GlobalSection(ProjectConfigurationPlatforms) = postSolution
		{58A10D53-809B-4CB7-B3F6-DD1C512255C1}.Debug|Any CPU.ActiveCfg = Debug|Any CPU
		{58A10D53-809B-4CB7-B3F6-DD1C512255C1}.Debug|Any CPU.Build.0 = Debug|Any CPU
		{58A10D53-809B-4CB7-B3F6-DD1C512255C1}.Release|Any CPU.ActiveCfg = Release|Any CPU
		{58A10D53-809B-4CB7-B3F6-DD1C512255C1}.Release|Any CPU.Build.0 = Release|Any CPU
	EndGlobalSection
	GlobalSection(SolutionProperties) = preSolution
		HideSolutionNode = FALSE
	EndGlobalSection
	GlobalSection(ExtensibilityGlobals) = postSolution
		SolutionGuid = {278C1596-D0C5-4048-968B-2AAA4890141A}
	EndGlobalSection
EndGlobal
